{
  "lockfile_version": "1",
  "packages": {
    "curl@8.22.0": {
      "last_modified": "2026-09-28T04:45:22Z",
      "resolved": "github:NixOS/nixpkgs/419fe0f449b3fbe3bdd53d9840288db4509ec32e#curl",
      "source": "devbox-search",
      "version": "8.22.0",
      "systems": {
        "aarch64-darwin": {
          "outputs": [
            {
              "name": "bin",
              "path": "/nix/store/5k2khxpqssazsbilyh0d4mjvs84ablpf-curl-8.22.0-bin",
              "default": true
            },
            {
              "name": "man",
              "path": "/nix/store/6qzi8yj670n8hxgqx86h4hyfvr6py2wh-curl-8.22.0-man",
              "default": true
            },
            {
              "name": "dev",
              "path": "/nix/store/sn4w8aa1igcjapghgn8ixxw7f0mdyd53-curl-8.22.0-dev"
            },
            {
              "name": "devdoc",
              "path": "/nix/store/1259f4wbkniw096ydgc4klpybrwyywv0-curl-8.22.0-devdoc"
            },
            {
              "name": "out",
              "path": "/nix/store/6c7nrda2k1s1qq8c97rckhm3iy61hkz9-curl-8.22.0"
            }
          ],
          "store_path": "/nix/store/5k2khxpqssazsbilyh0d4mjvs84ablpf-curl-8.22.0-bin"
        },
        "aarch64-linux": {
          "outputs": [
            {
              "name": "bin",
              "path": "/nix/store/xrpn2mzijwrl6rvi8h1rg73c3dr8i4d0-curl-8.22.0-bin",
              "default": true
            },
            {
              "name": "man",
              "path": "/nix/store/rfi33w2cg0rp7izn93bczqmw74mjd9ik-curl-8.22.0-man",
              "default": true
            },
            {
              "name": "debug",
              "path": "/nix/store/q6qvs5zxs0y74xzpw3qbddr2q28mghrf-curl-8.22.0-debug"
            },
            {
              "name": "dev",
              "path": "/nix/store/gkvhmbk2qmikkmkb565ln3w3wk53naak-curl-8.22.0-dev"
            },
            {
              "name": "devdoc",
              "path": "/nix/store/lzh8xk5vp9l81c8p6l3r6m3d974cwpbp-curl-8.22.0-devdoc"
            },
            {
              "name": "out",
              "path": "/nix/store/dwx4mpqydfhykk29yy1dxdjrbs0hn1yh-curl-8.22.0"
            }
          ],
          "store_path": "/nix/store/xrpn2mzijwrl6rvi8h1rg73c3dr8i4d0-curl-8.22.0-bin"
        },
        "x86_64-linux": {
          "outputs": [
            {
              "name": "bin",
              "path": "/nix/store/cp8qnyl8i0s62g3a1465i258mf5bcr6k-curl-8.22.0-bin",
              "default": true
            },
            {
              "name": "man",
              "path": "/nix/store/akw680dzfd4azvagifsxlwmjpipp3yz4-curl-8.22.0-man",
              "default": true
            },
            {
              "name": "debug",
              "path": "/nix/store/lx4z0gwrc7qg1z42gzvv26dlh8sl27as-curl-8.22.0-debug"
            },
            {
              "name": "dev",
              "path": "/nix/store/5ca54qw9hzpc1f3dk5x3c9cg3bdb93iv-curl-8.22.0-dev"
            },
            {
              "name": "devdoc",
              "path": "/nix/store/khm5a5wzp669swlph32akb5fzf36dlld-curl-8.22.0-devdoc"
            },
            {
              "name": "out",
              "path": "/nix/store/s21axjr25zw6x9g6ripn7kamgbvw0y69-curl-8.22.0"
            }
          ],
          "store_path": "/nix/store/cp8qnyl8i0s62g3a1465i258mf5bcr6k-curl-8.22.0-bin"
        }
      }
    },
    "github:NixOS/nixpkgs/nixpkgs-unstable": {
      "last_modified": "2026-09-27T11:55:07Z",
      "resolved": "github:NixOS/nixpkgs/3181085bfd08663b6b9e60bc7a8395c2aaa741bd?lastModified=1790510107"
    },
    "go@1.27.0": {
      "last_modified": "2026-08-27T07:16:00Z",
      "resolved": "github:NixOS/nixpkgs/c27cdad491a991b11ed731760aa2ef8db0cb0410#go_1_27",
      "source": "devbox-search",
      "version": "1.27.0",
      "systems": {
        "aarch64-darwin": {
          "outputs": [
            {
              "name": "out",
              "path": "/nix/store/lz3qw52rpazqga73xgsqlj4qz1lgs4hg-go-1.27.0",
              "default": true
            }
          ],
          "store_path": "/nix/store/lz3qw52rpazqga73xgsqlj4qz1lgs4hg-go-1.27.0"
        },
        "aarch64-linux": {
          "outputs": [
            {
              "name": "out",
              "path": "/nix/store/zqjvg5805xkf6zsd8nrdvgbv58yw2phr-go-1.27.0",
              "default": true
            }
          ],
          "store_path": "/nix/store/zqjvg5805xkf6zsd8nrdvgbv58yw2phr-go-1.27.0"
        },
        "x86_64-linux": {
          "outputs": [
            {
              "name": "out",
              "path": "/nix/store/fibbp1k5gcpaxcin4dzk70yd056rfjhg-go-1.27.0",
              "default": true
            }
          ],
          "store_path": "/nix/store/fibbp1k5gcpaxcin4dzk70yd056rfjhg-go-1.27.0"
        }
      }
    },
    "golangci-lint@2.13.1": {
      "last_modified": "2026-08-27T07:16:00Z",
      "resolved": "github:NixOS/nixpkgs/c27cdad491a991b11ed731760aa2ef8db0cb0410#golangci-lint",
      "source": "devbox-search",
      "version": "2.13.1",
      "systems": {
        "aarch64-darwin": {
          "outputs": [
            {
              "name": "out",
              "path": "/nix/store/vyl94dsc8a2vfpx0h9hs3ls3w9hfcyfa-golangci-lint-2.13.1",
              "default": true
            }
          ],
          "store_path": "/nix/store/vyl94dsc8a2vfpx0h9hs3ls3w9hfcyfa-golangci-lint-2.13.1"
        },
        "aarch64-linux": {
          "outputs": [
            {
              "name": "out",
              "path": "/nix/store/zg1nnbiiaiq65v0h4b22hqlqpqa8ja0j-golangci-lint-2.13.1",
              "default": true
            }
          ],
          "store_path": "/nix/store/zg1nnbiiaiq65v0h4b22hqlqpqa8ja0j-golangci-lint-2.13.1"
        },
        "x86_64-linux": {
          "outputs": [
            {
              "name": "out",
              "path": "/nix/store/sqm80s7p5kx9j4ia19rw3jy41ajx1v73-golangci-lint-2.13.1",
              "default": true
            }
          ],
          "store_path": "/nix/store/sqm80s7p5kx9j4ia19rw3jy41ajx1v73-golangci-lint-2.13.1"
        }
      }
    },
    "gopls@0.23.0": {
      "last_modified": "2026-09-28T04:45:22Z",
      "resolved": "github:NixOS/nixpkgs/419fe0f449b3fbe3bdd53d9840288db4509ec32e#gopls",
      "source": "devbox-search",
      "version": "0.23.0",
      "systems": {
        "aarch64-darwin": {
          "outputs": [
            {
              "name": "out",
              "path": "/nix/store/p5lfq306nsm8c9x42gs9nkgzrkkcc8f8-gopls-0.23.0",
              "default": true
            }
          ],
          "store_path": "/nix/store/p5lfq306nsm8c9x42gs9nkgzrkkcc8f8-gopls-0.23.0"
        },
        "aarch64-linux": {
          "outputs": [
            {
              "name": "out",
              "path": "/nix/store/hc1fqlx6cbqvdl3vwxc6jbhxb94r3xfw-gopls-0.23.0",
              "default": true
            }
          ],
          "store_path": "/nix/store/hc1fqlx6cbqvdl3vwxc6jbhxb94r3xfw-gopls-0.23.0"
        },
        "x86_64-linux": {
          "outputs": [
            {
              "name": "out",
              "path": "/nix/store/a8362xqnzxwhdpbdhfq6q5s1afh7xxyw-gopls-0.23.0",
              "default": true
            }
          ],
          "store_path": "/nix/store/a8362xqnzxwhdpbdhfq6q5s1afh7xxyw-gopls-0.23.0"
        }
      }
    },
    "goreleaser@2.17.1": {
      "last_modified": "2026-09-28T04:45:22Z",
      "resolved": "github:NixOS/nixpkgs/419fe0f449b3fbe3bdd53d9840288db4509ec32e#goreleaser",
      "source": "devbox-search",
      "version": "2.17.1",
      "systems": {
        "aarch64-darwin": {
          "outputs": [
            {
              "name": "out",
              "path": "/nix/store/3wk2zbrm0rx30gxpgcdxsdg0va8m78z8-goreleaser-2.17.1",
              "default": true
            }
          ],
          "store_path": "/nix/store/3wk2zbrm0rx30gxpgcdxsdg0va8m78z8-goreleaser-2.17.1"
        },
        "aarch64-linux": {
          "outputs": [
            {
              "name": "out",
              "path": "/nix/store/l2fq8kijlnbli4681qj30bmf83s4j6k7-goreleaser-2.17.1",
              "default": true
            }
          ],
          "store_path": "/nix/store/l2fq8kijlnbli4681qj30bmf83s4j6k7-goreleaser-2.17.1"
        },
        "x86_64-linux": {
          "outputs": [
            {
              "name": "out",
              "path": "/nix/store/71mmcscgcrxc7m0c2k2w2w6fmq750w3g-goreleaser-2.17.1",
              "default": true
            }
          ],
          "store_path": "/nix/store/71mmcscgcrxc7m0c2k2w2w6fmq750w3g-goreleaser-2.17.1"
        }
      }
    },
    "govulncheck@1.7.0": {
      "last_modified": "2026-09-09T19:38:03Z",
      "resolved": "github:NixOS/nixpkgs/5052d7ccbcfb7e4ae1586cb2ecf95a2e3707dce9#govulncheck",
      "source": "devbox-search",
      "version": "1.7.0",
      "systems": {
        "aarch64-darwin": {
          "outputs": [
            {
              "name": "out",
              "path": "/nix/store/zgblryrsf4vlmbzj04pl3ngwdsn2z6h7-govulncheck-1.7.0",
              "default": true
            }
          ],
          "store_path": "/nix/store/zgblryrsf4vlmbzj04pl3ngwdsn2z6h7-govulncheck-1.7.0"
        },
        "aarch64-linux": {
          "outputs": [
            {
              "name": "out",
              "path": "/nix/store/bg71fp9wcg8d956rfnrn398nrwcagmk4-govulncheck-1.7.0",
              "default": true
            }
          ],
          "store_path": "/nix/store/bg71fp9wcg8d956rfnrn398nrwcagmk4-govulncheck-1.7.0"
        },
        "x86_64-linux": {
          "outputs": [
            {
              "name": "out",
              "path": "/nix/store/zhxphpb7hydfq73p0zkdz7sxi202sdmv-govulncheck-1.7.0",
              "default": true
            }
          ],
          "store_path": "/nix/store/zhxphpb7hydfq73p0zkdz7sxi202sdmv-govulncheck-1.7.0"
        }
      }
    },
    "just-lsp@0.9.0": {
      "last_modified": "2026-09-28T04:45:22Z",
      "resolved": "github:NixOS/nixpkgs/419fe0f449b3fbe3bdd53d9840288db4509ec32e#just-lsp",
      "source": "devbox-search",
      "version": "0.9.0",
      "systems": {
        "aarch64-darwin": {
          "outputs": [
            {
              "name": "out",
              "path": "/nix/store/hngcfwhm98i06dshksbsmx68f1x753f9-just-lsp-0.9.0",
              "default": true
            }
          ],
          "store_path": "/nix/store/hngcfwhm98i06dshksbsmx68f1x753f9-just-lsp-0.9.0"
        },
        "aarch64-linux": {
          "outputs": [
            {
              "name": "out",
              "path": "/nix/store/x01wc74ijq5gr076axrdlnm5szqyiv03-just-lsp-0.9.0",
              "default": true
            }
          ],
          "store_path": "/nix/store/x01wc74ijq5gr076axrdlnm5szqyiv03-just-lsp-0.9.0"
        },
        "x86_64-linux": {
          "outputs": [
            {
              "name": "out",
              "path": "/nix/store/qyahrwg68ck2189r5njpg8rsbpbkyyr9-just-lsp-0.9.0",
              "default": true
            }
          ],
          "store_path": "/nix/store/qyahrwg68ck2189r5njpg8rsbpbkyyr9-just-lsp-0.9.0"
        }
      }
    },
    "just@1.58.0": {
      "last_modified": "2026-09-28T04:45:22Z",
      "resolved": "github:NixOS/nixpkgs/419fe0f449b3fbe3bdd53d9840288db4509ec32e#just",
      "source": "devbox-search",
      "version": "1.58.0",
      "systems": {
        "aarch64-darwin": {
          "outputs": [
            {
              "name": "out",
              "path": "/nix/store/kcyk3qjxrxbqv110yz408277m1i55faf-just-1.58.0",
              "default": true
            },
            {
              "name": "man",
              "path": "/nix/store/s8abw9ifkmxk79z8zpn6zm9zrpbmh9zb-just-1.58.0-man",
              "default": true
            },
            {
              "name": "doc",
              "path": "/nix/store/wfs31mbwslvi17fxswf81x0a83qcmnyq-just-1.58.0-doc"
            }
          ],
          "store_path": "/nix/store/kcyk3qjxrxbqv110yz408277m1i55faf-just-1.58.0"
        },
        "aarch64-linux": {
          "outputs": [
            {
              "name": "out",
              "path": "/nix/store/2wdl8204rm1sgd31hxf24ykgw0jhrfnd-just-1.58.0",
              "default": true
            },
            {
              "name": "man",
              "path": "/nix/store/abh0yba8y6lk945hg6b0lq5g6vgai225-just-1.58.0-man",
              "default": true
            },
            {
              "name": "doc",
              "path": "/nix/store/pvgg8yxzhgld6kmy58bd4qxyihc87w1r-just-1.58.0-doc"
            }
          ],
          "store_path": "/nix/store/2wdl8204rm1sgd31hxf24ykgw0jhrfnd-just-1.58.0"
        },
        "x86_64-linux": {
          "outputs": [
            {
              "name": "out",
              "path": "/nix/store/nvydswi7ickfaim3l29afrm2238fjzlv-just-1.58.0",
              "default": true
            },
            {
              "name": "man",
              "path": "/nix/store/ihi5s36gfidvbf6wrymh0z6qjb69bvhx-just-1.58.0-man",
              "default": true
            },
            {
              "name": "doc",
              "path": "/nix/store/3kkygdf8x15png0ghk45r2g8px981zrd-just-1.58.0-doc"
            }
          ],
          "store_path": "/nix/store/nvydswi7ickfaim3l29afrm2238fjzlv-just-1.58.0"
        }
      }
    },
    "kubernetes-helm@4.3.0": {
      "last_modified": "2026-09-28T04:45:22Z",
      "resolved": "github:NixOS/nixpkgs/419fe0f449b3fbe3bdd53d9840288db4509ec32e#kubernetes-helm",
      "source": "devbox-search",
      "version": "4.3.0",
      "systems": {
        "aarch64-darwin": {
          "outputs": [
            {
              "name": "out",
              "path": "/nix/store/zhi9ayx37fxix2lj56698cqzn49bizrk-kubernetes-helm-4.3.0",
              "default": true
            }
          ],
          "store_path": "/nix/store/zhi9ayx37fxix2lj56698cqzn49bizrk-kubernetes-helm-4.3.0"
        },
        "aarch64-linux": {
          "outputs": [
            {
              "name": "out",
              "path": "/nix/store/aywwcg6hbrpmq6c9p0bfmdbyjndjj8y7-kubernetes-helm-4.3.0",
              "default": true
            }
          ],
          "store_path": "/nix/store/aywwcg6hbrpmq6c9p0bfmdbyjndjj8y7-kubernetes-helm-4.3.0"
        },
        "x86_64-linux": {
          "outputs": [
            {
              "name": "out",
              "path": "/nix/store/pvk804xi6vjr19gb6mc4janfamdb2cwc-kubernetes-helm-4.3.0",
              "default": true
            }
          ],
          "store_path": "/nix/store/pvk804xi6vjr19gb6mc4janfamdb2cwc-kubernetes-helm-4.3.0"
        }
      }
    },
    "openbao@2.6.2": {
      "last_modified": "2026-09-24T08:34:56Z",
      "resolved": "github:NixOS/nixpkgs/34ca302a9572963c02e385c056be37c85ff51b77#openbao",
      "source": "devbox-search",
      "version": "2.6.2",
      "systems": {
        "aarch64-darwin": {
          "outputs": [
            {
              "name": "out",
              "path": "/nix/store/d8lh38x3py0rhx17h7d39pgacahqnmnx-openbao-2.6.2",
              "default": true
            }
          ],
          "store_path": "/nix/store/d8lh38x3py0rhx17h7d39pgacahqnmnx-openbao-2.6.2"
        },
        "aarch64-linux": {
          "outputs": [
            {
              "name": "out",
              "path": "/nix/store/dmgaasfm961pbln0hcxqyfvdwb8ma65k-openbao-2.6.2",
              "default": true
            }
          ],
          "store_path": "/nix/store/dmgaasfm961pbln0hcxqyfvdwb8ma65k-openbao-2.6.2"
        },
        "x86_64-linux": {
          "outputs": [
            {
              "name": "out",
              "path": "/nix/store/5kzg9pm55932xmnbpsmirxsd6xy0wv3a-openbao-2.6.2",
              "default": true
            }
          ],
          "store_path": "/nix/store/5kzg9pm55932xmnbpsmirxsd6xy0wv3a-openbao-2.6.2"
        }
      }
    },
    "prometheus@3.14.0": {
      "last_modified": "2026-09-28T13:04:38Z",
      "resolved": "github:NixOS/nixpkgs/f45c6f04c2f013f004bf94e284e95d72898d9393#prometheus",
      "source": "devbox-search",
      "version": "3.14.0",
      "systems": {
        "aarch64-darwin": {
          "outputs": [
            {
              "name": "out",
              "path": "/nix/store/iv24ydlxxlwrr8jiy9j9xndgdvn0ghk0-prometheus-3.14.0",
              "default": true
            },
            {
              "name": "cli",
              "path": "/nix/store/z916x2ad8haygqsqhzii5h36jfqgvz98-prometheus-3.14.0-cli"
            },
            {
              "name": "doc",
              "path": "/nix/store/rfd9hbi75h21w3zq4jilr119vvslvhwd-prometheus-3.14.0-doc"
            }
          ],
          "store_path": "/nix/store/iv24ydlxxlwrr8jiy9j9xndgdvn0ghk0-prometheus-3.14.0"
        },
        "aarch64-linux": {
          "outputs": [
            {
              "name": "out",
              "path": "/nix/store/6fc6kabnhildrr514qy7vfk0jxviw0ya-prometheus-3.14.0",
              "default": true
            },
            {
              "name": "cli",
              "path": "/nix/store/mdz8hl27wx03a9y6d0nzgv8zgldmdks9-prometheus-3.14.0-cli"
            },
            {
              "name": "doc",
              "path": "/nix/store/fbgdwq4jghvsvhijgjqavzcwc5avwri0-prometheus-3.14.0-doc"
            }
          ],
          "store_path": "/nix/store/6fc6kabnhildrr514qy7vfk0jxviw0ya-prometheus-3.14.0"
        },
        "x86_64-linux": {
          "outputs": [
            {
              "name": "out",
              "path": "/nix/store/aznggbxbf0ld6jq03zj422fdrhqxqfvb-prometheus-3.14.0",
              "default": true
            },
            {
              "name": "cli",
              "path": "/nix/store/qznvrrl8ka48ffwy0fj0m4c3ad9xadgm-prometheus-3.14.0-cli"
            },
            {
              "name": "doc",
              "path": "/nix/store/dxdjv9mnhivg6h7ydr52iq72a25m1s54-prometheus-3.14.0-doc"
            }
          ],
          "store_path": "/nix/store/aznggbxbf0ld6jq03zj422fdrhqxqfvb-prometheus-3.14.0"
        }
      }
    }
  }
}
